
Microsoft Visual Studio Solution File, Format Version 12.00
# Visual Studio Version 16
VisualStudioVersion = 16.0.29409.12
MinimumVisualStudioVersion = 10.0.40219.1
Project("{9A19103F-16F7-4668-BE54-9A1E7A4F7556}") = "Peppol.CoreLib", "Peppol.NETCoreLib\Peppol.CoreLib.csproj", "{81E824D8-DA88-492A-99F0-A7542BD67871}"
EndProject
Project("{9A19103F-16F7-4668-BE54-9A1E7A4F7556}") = "Peppol.CoreLib.Test", "PeppolNETCoreTest\Peppol.CoreLib.Test.csproj", "{76389133-8058-4D37-BE5E-E46B26CE32BE}"
EndProject
Project("{9A19103F-16F7-4668-BE54-9A1E7A4F7556}") = "SBDHWrapper", "SBDHWrapper\SBDHWrapper.csproj", "{57BA2B69-BD15-4FE5-8388-97484CB0E408}"
EndProject
Global
	GlobalSection(SolutionConfigurationPlatforms) = preSolution
		Debug|Any CPU = Debug|Any CPU
		Release|Any CPU = Release|Any CPU
	EndGlobalSection
	GlobalSection(ProjectConfigurationPlatforms) = postSolution
		{81E824D8-DA88-492A-99F0-A7542BD67871}.Debug|Any CPU.ActiveCfg = Debug|Any CPU
		{81E824D8-DA88-492A-99F0-A7542BD67871}.Debug|Any CPU.Build.0 = Debug|Any CPU
		{81E824D8-DA88-492A-99F0-A7542BD67871}.Release|Any CPU.ActiveCfg = Release|Any CPU
		{81E824D8-DA88-492A-99F0-A7542BD67871}.Release|Any CPU.Build.0 = Release|Any CPU
		{76389133-8058-4D37-BE5E-E46B26CE32BE}.Debug|Any CPU.ActiveCfg = Debug|Any CPU
		{76389133-8058-4D37-BE5E-E46B26CE32BE}.Debug|Any CPU.Build.0 = Debug|Any CPU
		{76389133-8058-4D37-BE5E-E46B26CE32BE}.Release|Any CPU.ActiveCfg = Release|Any CPU
		{76389133-8058-4D37-BE5E-E46B26CE32BE}.Release|Any CPU.Build.0 = Release|Any CPU
		{57BA2B69-BD15-4FE5-8388-97484CB0E408}.Debug|Any CPU.ActiveCfg = Debug|Any CPU
		{57BA2B69-BD15-4FE5-8388-97484CB0E408}.Debug|Any CPU.Build.0 = Debug|Any CPU
		{57BA2B69-BD15-4FE5-8388-97484CB0E408}.Release|Any CPU.ActiveCfg = Release|Any CPU
		{57BA2B69-BD15-4FE5-8388-97484CB0E408}.Release|Any CPU.Build.0 = Release|Any CPU
	EndGlobalSection
	GlobalSection(SolutionProperties) = preSolution
		HideSolutionNode = FALSE
	EndGlobalSection
	GlobalSection(ExtensibilityGlobals) = postSolution
		SolutionGuid = {0E700824-E01B-451A-B23A-B6C1039DB2A4}
	EndGlobalSection
EndGlobal
